
Microsoft Visual Studio Solution File, Format Version 12.00
# Visual Studio Version 17
VisualStudioVersion = 17.7.34202.233
MinimumVisualStudioVersion = 10.0.40219.1
Project("{2150E333-8FDC-42A3-9474-1A3956D46DE8}") = "Shared", "Shared", "{7106204E-05DD-41D7-B4D1-F15759FD7B35}"
EndProject
Project("{2150E333-8FDC-42A3-9474-1A3956D46DE8}") = "Server", "Server", "{5F86648C-7AC0-4741-B234-87DF133F4923}"
EndProject
Project("{2150E333-8FDC-42A3-9474-1A3956D46DE8}") = "Client", "Client", "{AEA6B828-FF39-4D97-B733-4165D6712A8E}"
	ProjectSection(SolutionItems) = preProject
		Client\todo.txt = Client\todo.txt
	EndProjectSection
EndProject
Project("{9A19103F-16F7-4668-BE54-9A1E7A4F7556}") = "SharedKernel", "Shared\SharedKernel\SharedKernel.csproj", "{70FB7318-85DA-4925-BFE1-42E8C727A618}"
EndProject
Project("{9A19103F-16F7-4668-BE54-9A1E7A4F7556}") = "NetCoreBE.Api", "Server\NetCoreBE.Api\NetCoreBE.Api.csproj", "{03FF3991-570B-4AA5-B911-DB736F856928}"
EndProject
Project("{9A19103F-16F7-4668-BE54-9A1E7A4F7556}") = "SharedCommon", "Shared\SharedCommon\SharedCommon.csproj", "{4412F62B-054F-485B-A026-DCF16D28F242}"
EndProject
Project("{9A19103F-16F7-4668-BE54-9A1E7A4F7556}") = "SharedContract", "Shared\SharedContract\SharedContract.csproj", "{01C45018-6F1E-4BF7-A822-DE54309CAEC4}"
EndProject
Project("{9A19103F-16F7-4668-BE54-9A1E7A4F7556}") = "NetCoreBE.Domain", "Server\NetCoreBE.Domain\NetCoreBE.Domain.csproj", "{1E306CD1-9F28-4CB0-90BB-557440EE0280}"
EndProject
Project("{9A19103F-16F7-4668-BE54-9A1E7A4F7556}") = "NetCoreBE.Application", "Server\NetCoreBE.Application\NetCoreBE.Application.csproj", "{41655D7C-DE03-4386-A65B-D839C168C70E}"
EndProject
Project("{9A19103F-16F7-4668-BE54-9A1E7A4F7556}") = "NetCoreBE.Infrastructure", "Server\NetCoreBE.Infrastructure\NetCoreBE.Infrastructure.csproj", "{61E036DD-E037-49A4-B8BE-0039B93D6881}"
EndProject
Project("{2150E333-8FDC-42A3-9474-1A3956D46DE8}") = "test", "test", "{C8AD4E93-6AD1-4CF2-BDA6-A28D23CB45D0}"
EndProject
Project("{9A19103F-16F7-4668-BE54-9A1E7A4F7556}") = "NetCoreBE.Domain.Test", "..\test\NetCoreBE.Domain.Test\NetCoreBE.Domain.Test.csproj", "{4A529D1B-D8E7-462C-852C-6AA56E6562D3}"
EndProject
Project("{2150E333-8FDC-42A3-9474-1A3956D46DE8}") = "CommonClean", "CommonClean", "{0E1CD2D3-3758-4E10-AA66-125485B16287}"
EndProject
Project("{9A19103F-16F7-4668-BE54-9A1E7A4F7556}") = "CommonCleanArch.Domain", "Server\CommonClean\CommonCleanArch.Domain\CommonCleanArch.Domain.csproj", "{84D0E548-14D2-4CF5-94B9-85779E7046C3}"
EndProject
Project("{9A19103F-16F7-4668-BE54-9A1E7A4F7556}") = "CommonCleanArch.Application", "Server\CommonClean\CommonCleanArch.Application\CommonCleanArch.Application.csproj", "{385ED9F7-3F9A-4CE3-B812-FAF4C8F0F6B2}"
EndProject
Project("{9A19103F-16F7-4668-BE54-9A1E7A4F7556}") = "CommonCleanArch.Infrastructure", "Server\CommonClean\CommonCleanArch.Infrastructure\CommonCleanArch.Infrastructure.csproj", "{56051F74-5737-4087-A4D7-20D266184AAC}"
EndProject
Project("{E53339B2-1760-4266-BCC7-CA923CBCF16C}") = "docker-compose", "docker-compose.dcproj", "{90208EAD-8ABF-456D-95A7-FA3AB640737C}"
EndProject
Global
	GlobalSection(SolutionConfigurationPlatforms) = preSolution
		Debug|Any CPU = Debug|Any CPU
		Release|Any CPU = Release|Any CPU
	EndGlobalSection
	GlobalSection(ProjectConfigurationPlatforms) = postSolution
		{70FB7318-85DA-4925-BFE1-42E8C727A618}.Debug|Any CPU.ActiveCfg = Debug|Any CPU
		{70FB7318-85DA-4925-BFE1-42E8C727A618}.Debug|Any CPU.Build.0 = Debug|Any CPU
		{70FB7318-85DA-4925-BFE1-42E8C727A618}.Release|Any CPU.ActiveCfg = Release|Any CPU
		{70FB7318-85DA-4925-BFE1-42E8C727A618}.Release|Any CPU.Build.0 = Release|Any CPU
		{03FF3991-570B-4AA5-B911-DB736F856928}.Debug|Any CPU.ActiveCfg = Debug|Any CPU
		{03FF3991-570B-4AA5-B911-DB736F856928}.Debug|Any CPU.Build.0 = Debug|Any CPU
		{03FF3991-570B-4AA5-B911-DB736F856928}.Release|Any CPU.ActiveCfg = Release|Any CPU
		{03FF3991-570B-4AA5-B911-DB736F856928}.Release|Any CPU.Build.0 = Release|Any CPU
		{4412F62B-054F-485B-A026-DCF16D28F242}.Debug|Any CPU.ActiveCfg = Debug|Any CPU
		{4412F62B-054F-485B-A026-DCF16D28F242}.Debug|Any CPU.Build.0 = Debug|Any CPU
		{4412F62B-054F-485B-A026-DCF16D28F242}.Release|Any CPU.ActiveCfg = Release|Any CPU
		{4412F62B-054F-485B-A026-DCF16D28F242}.Release|Any CPU.Build.0 = Release|Any CPU
		{01C45018-6F1E-4BF7-A822-DE54309CAEC4}.Debug|Any CPU.ActiveCfg = Debug|Any CPU
		{01C45018-6F1E-4BF7-A822-DE54309CAEC4}.Debug|Any CPU.Build.0 = Debug|Any CPU
		{01C45018-6F1E-4BF7-A822-DE54309CAEC4}.Release|Any CPU.ActiveCfg = Release|Any CPU
		{01C45018-6F1E-4BF7-A822-DE54309CAEC4}.Release|Any CPU.Build.0 = Release|Any CPU
		{1E306CD1-9F28-4CB0-90BB-557440EE0280}.Debug|Any CPU.ActiveCfg = Debug|Any CPU
		{1E306CD1-9F28-4CB0-90BB-557440EE0280}.Debug|Any CPU.Build.0 = Debug|Any CPU
		{1E306CD1-9F28-4CB0-90BB-557440EE0280}.Release|Any CPU.ActiveCfg = Release|Any CPU
		{1E306CD1-9F28-4CB0-90BB-557440EE0280}.Release|Any CPU.Build.0 = Release|Any CPU
		{41655D7C-DE03-4386-A65B-D839C168C70E}.Debug|Any CPU.ActiveCfg = Debug|Any CPU
		{41655D7C-DE03-4386-A65B-D839C168C70E}.Debug|Any CPU.Build.0 = Debug|Any CPU
		{41655D7C-DE03-4386-A65B-D839C168C70E}.Release|Any CPU.ActiveCfg = Release|Any CPU
		{41655D7C-DE03-4386-A65B-D839C168C70E}.Release|Any CPU.Build.0 = Release|Any CPU
		{61E036DD-E037-49A4-B8BE-0039B93D6881}.Debug|Any CPU.ActiveCfg = Debug|Any CPU
		{61E036DD-E037-49A4-B8BE-0039B93D6881}.Debug|Any CPU.Build.0 = Debug|Any CPU
		{61E036DD-E037-49A4-B8BE-0039B93D6881}.Release|Any CPU.ActiveCfg = Release|Any CPU
		{61E036DD-E037-49A4-B8BE-0039B93D6881}.Release|Any CPU.Build.0 = Release|Any CPU
		{4A529D1B-D8E7-462C-852C-6AA56E6562D3}.Debug|Any CPU.ActiveCfg = Debug|Any CPU
		{4A529D1B-D8E7-462C-852C-6AA56E6562D3}.Debug|Any CPU.Build.0 = Debug|Any CPU
		{4A529D1B-D8E7-462C-852C-6AA56E6562D3}.Release|Any CPU.ActiveCfg = Release|Any CPU
		{4A529D1B-D8E7-462C-852C-6AA56E6562D3}.Release|Any CPU.Build.0 = Release|Any CPU
		{84D0E548-14D2-4CF5-94B9-85779E7046C3}.Debug|Any CPU.ActiveCfg = Debug|Any CPU
		{84D0E548-14D2-4CF5-94B9-85779E7046C3}.Debug|Any CPU.Build.0 = Debug|Any CPU
		{84D0E548-14D2-4CF5-94B9-85779E7046C3}.Release|Any CPU.ActiveCfg = Release|Any CPU
		{84D0E548-14D2-4CF5-94B9-85779E7046C3}.Release|Any CPU.Build.0 = Release|Any CPU
		{385ED9F7-3F9A-4CE3-B812-FAF4C8F0F6B2}.Debug|Any CPU.ActiveCfg = Debug|Any CPU
		{385ED9F7-3F9A-4CE3-B812-FAF4C8F0F6B2}.Debug|Any CPU.Build.0 = Debug|Any CPU
		{385ED9F7-3F9A-4CE3-B812-FAF4C8F0F6B2}.Release|Any CPU.ActiveCfg = Release|Any CPU
		{385ED9F7-3F9A-4CE3-B812-FAF4C8F0F6B2}.Release|Any CPU.Build.0 = Release|Any CPU
		{56051F74-5737-4087-A4D7-20D266184AAC}.Debug|Any CPU.ActiveCfg = Debug|Any CPU
		{56051F74-5737-4087-A4D7-20D266184AAC}.Debug|Any CPU.Build.0 = Debug|Any CPU
		{56051F74-5737-4087-A4D7-20D266184AAC}.Release|Any CPU.ActiveCfg = Release|Any CPU
		{56051F74-5737-4087-A4D7-20D266184AAC}.Release|Any CPU.Build.0 = Release|Any CPU
		{90208EAD-8ABF-456D-95A7-FA3AB640737C}.Debug|Any CPU.ActiveCfg = Debug|Any CPU
		{90208EAD-8ABF-456D-95A7-FA3AB640737C}.Debug|Any CPU.Build.0 = Debug|Any CPU
		{90208EAD-8ABF-456D-95A7-FA3AB640737C}.Release|Any CPU.ActiveCfg = Release|Any CPU
		{90208EAD-8ABF-456D-95A7-FA3AB640737C}.Release|Any CPU.Build.0 = Release|Any CPU
	EndGlobalSection
	GlobalSection(SolutionProperties) = preSolution
		HideSolutionNode = FALSE
	EndGlobalSection
	GlobalSection(NestedProjects) = preSolution
		{70FB7318-85DA-4925-BFE1-42E8C727A618} = {7106204E-05DD-41D7-B4D1-F15759FD7B35}
		{03FF3991-570B-4AA5-B911-DB736F856928} = {5F86648C-7AC0-4741-B234-87DF133F4923}
		{4412F62B-054F-485B-A026-DCF16D28F242} = {7106204E-05DD-41D7-B4D1-F15759FD7B35}
		{01C45018-6F1E-4BF7-A822-DE54309CAEC4} = {7106204E-05DD-41D7-B4D1-F15759FD7B35}
		{1E306CD1-9F28-4CB0-90BB-557440EE0280} = {5F86648C-7AC0-4741-B234-87DF133F4923}
		{41655D7C-DE03-4386-A65B-D839C168C70E} = {5F86648C-7AC0-4741-B234-87DF133F4923}
		{61E036DD-E037-49A4-B8BE-0039B93D6881} = {5F86648C-7AC0-4741-B234-87DF133F4923}
		{4A529D1B-D8E7-462C-852C-6AA56E6562D3} = {C8AD4E93-6AD1-4CF2-BDA6-A28D23CB45D0}
		{0E1CD2D3-3758-4E10-AA66-125485B16287} = {5F86648C-7AC0-4741-B234-87DF133F4923}
		{84D0E548-14D2-4CF5-94B9-85779E7046C3} = {0E1CD2D3-3758-4E10-AA66-125485B16287}
		{385ED9F7-3F9A-4CE3-B812-FAF4C8F0F6B2} = {0E1CD2D3-3758-4E10-AA66-125485B16287}
		{56051F74-5737-4087-A4D7-20D266184AAC} = {0E1CD2D3-3758-4E10-AA66-125485B16287}
	EndGlobalSection
	GlobalSection(ExtensibilityGlobals) = postSolution
		SolutionGuid = {711BADAD-0338-4B3C-AD13-00EE76A3529A}
	EndGlobalSection
EndGlobal
