
Microsoft Visual Studio Solution File, Format Version 12.00
# Visual Studio Version 17
VisualStudioVersion = 17.7.34202.233
MinimumVisualStudioVersion = 10.0.40219.1
Project("{9A19103F-16F7-4668-BE54-9A1E7A4F7556}") = "CommonBE", "CommonBE\CommonBE.csproj", "{02EE2889-95AD-4C2D-B019-D04118BFFC12}"
EndProject
Project("{9A19103F-16F7-4668-BE54-9A1E7A4F7556}") = "NetCoreBE.Api", "NetCoreBE.Api\NetCoreBE.Api.csproj", "{0EC246F4-8F52-4122-A955-6943783250CE}"
EndProject
Project("{FAE04EC0-301F-11D3-BF4B-00C04F79EFBC}") = "Contracts", "Contracts\Contracts.csproj", "{54BCE5C8-431A-4E62-80C1-AF5865FD96DD}"
EndProject
Project("{FAE04EC0-301F-11D3-BF4B-00C04F79EFBC}") = "SharedKernel", "SharedKernel\SharedKernel.csproj", "{EA2DCEE3-A655-4C4C-89F3-8343CB5F59EB}"
EndProject
Global
	GlobalSection(SolutionConfigurationPlatforms) = preSolution
		Debug|Any CPU = Debug|Any CPU
		Release|Any CPU = Release|Any CPU
	EndGlobalSection
	GlobalSection(ProjectConfigurationPlatforms) = postSolution
		{02EE2889-95AD-4C2D-B019-D04118BFFC12}.Debug|Any CPU.ActiveCfg = Debug|Any CPU
		{02EE2889-95AD-4C2D-B019-D04118BFFC12}.Debug|Any CPU.Build.0 = Debug|Any CPU
		{02EE2889-95AD-4C2D-B019-D04118BFFC12}.Release|Any CPU.ActiveCfg = Release|Any CPU
		{02EE2889-95AD-4C2D-B019-D04118BFFC12}.Release|Any CPU.Build.0 = Release|Any CPU
		{0EC246F4-8F52-4122-A955-6943783250CE}.Debug|Any CPU.ActiveCfg = Debug|Any CPU
		{0EC246F4-8F52-4122-A955-6943783250CE}.Debug|Any CPU.Build.0 = Debug|Any CPU
		{0EC246F4-8F52-4122-A955-6943783250CE}.Release|Any CPU.ActiveCfg = Release|Any CPU
		{0EC246F4-8F52-4122-A955-6943783250CE}.Release|Any CPU.Build.0 = Release|Any CPU
		{54BCE5C8-431A-4E62-80C1-AF5865FD96DD}.Debug|Any CPU.ActiveCfg = Debug|Any CPU
		{54BCE5C8-431A-4E62-80C1-AF5865FD96DD}.Debug|Any CPU.Build.0 = Debug|Any CPU
		{54BCE5C8-431A-4E62-80C1-AF5865FD96DD}.Release|Any CPU.ActiveCfg = Release|Any CPU
		{54BCE5C8-431A-4E62-80C1-AF5865FD96DD}.Release|Any CPU.Build.0 = Release|Any CPU
		{EA2DCEE3-A655-4C4C-89F3-8343CB5F59EB}.Debug|Any CPU.ActiveCfg = Debug|Any CPU
		{EA2DCEE3-A655-4C4C-89F3-8343CB5F59EB}.Debug|Any CPU.Build.0 = Debug|Any CPU
		{EA2DCEE3-A655-4C4C-89F3-8343CB5F59EB}.Release|Any CPU.ActiveCfg = Release|Any CPU
		{EA2DCEE3-A655-4C4C-89F3-8343CB5F59EB}.Release|Any CPU.Build.0 = Release|Any CPU
	EndGlobalSection
	GlobalSection(SolutionProperties) = preSolution
		HideSolutionNode = FALSE
	EndGlobalSection
	GlobalSection(ExtensibilityGlobals) = postSolution
		SolutionGuid = {711BADAD-0338-4B3C-AD13-00EE76A3529A}
	EndGlobalSection
EndGlobal
